PODS:
  - Flutter (1.0.0)
  - gal (1.0.0):
    - Flutter
    - FlutterMacOS
  - geocoding_ios (1.0.5):
    - Flutter
  - image_picker_ios (0.0.1):
    - Flutter
  - native_exif (0.0.1):
    - Flutter
  - purchases_flutter (10.0.1):
    - Flutter
    - PurchasesHybridCommon (= 18.1.0)
  - PurchasesHybridCommon (18.1.0):
    - RevenueCat (= 5.68.0)
  - RevenueCat (5.68.0)
  - share_plus (0.0.1):
    - Flutter
  - shared_preferences_foundation (0.0.1):
    - Flutter
    - FlutterMacOS

DEPENDENCIES:
  - Flutter (from `Flutter`)
  - gal (from `.symlinks/plugins/gal/darwin`)
  - geocoding_ios (from `.symlinks/plugins/geocoding_ios/ios`)
  - image_picker_ios (from `.symlinks/plugins/image_picker_ios/ios`)
  - native_exif (from `.symlinks/plugins/native_exif/ios`)
  - purchases_flutter (from `.symlinks/plugins/purchases_flutter/ios`)
  - share_plus (from `.symlinks/plugins/share_plus/ios`)
  - shared_preferences_foundation (from `.symlinks/plugins/shared_preferences_foundation/darwin`)

SPEC REPOS:
  trunk:
    - PurchasesHybridCommon
    - RevenueCat

EXTERNAL SOURCES:
  Flutter:
    :path: Flutter
  gal:
    :path: ".symlinks/plugins/gal/darwin"
  geocoding_ios:
    :path: ".symlinks/plugins/geocoding_ios/ios"
  image_picker_ios:
    :path: ".symlinks/plugins/image_picker_ios/ios"
  native_exif:
    :path: ".symlinks/plugins/native_exif/ios"
  purchases_flutter:
    :path: ".symlinks/plugins/purchases_flutter/ios"
  share_plus:
    :path: ".symlinks/plugins/share_plus/ios"
  shared_preferences_foundation:
    :path: ".symlinks/plugins/shared_preferences_foundation/darwin"

SPEC CHECKSUMS:
  Flutter: cabc95a1d2626b1b06e7179b784ebcf0c0cde467
  gal: 6a522c75909f1244732d4596d11d6a2f86ff37a5
  geocoding_ios: eafacae6ad11a1eb56681f7d11df602a5fd49416
  image_picker_ios: 4f2f91b01abdb52842a8e277617df877e40f905b
  native_exif: 837ad189661d7b353660ae7f19f9f6932418f195
  purchases_flutter: e2977146063d1e783245c9839236488fc14efd78
  PurchasesHybridCommon: 32902b8fad349cf549f096183926ee33af00e36a
  RevenueCat: c535d3739d51163f6d9d5dbd01c7b5d93b718ff5
  share_plus: 8b6f8b3447e494cca5317c8c3073de39b3600d1f
  shared_preferences_foundation: 5086985c1d43c5ba4d5e69a4e8083a389e2909e6

PODFILE CHECKSUM: 3c63482e143d1b91d2d2560aee9fb04ecc74ac7e

COCOAPODS: 1.16.2
